
Microsoft Visual Studio Solution File, Format Version 12.00
# Visual Studio Version 17
VisualStudioVersion = 17.7.34024.191
MinimumVisualStudioVersion = 10.0.40219.1
Project("{FAE04EC0-301F-11D3-BF4B-00C04F79EFBC}") = "Cumulative3", "Cumulative3\Cumulative3.csproj", "{65F3961D-1466-4B14-A48C-82F5557DDF74}"
EndProject
Global
	GlobalSection(SolutionConfigurationPlatforms) = preSolution
		Debug|Any CPU = Debug|Any CPU
		Release|Any CPU = Release|Any CPU
	EndGlobalSection
	GlobalSection(ProjectConfigurationPlatforms) = postSolution
		{65F3961D-1466-4B14-A48C-82F5557DDF74}.Debug|Any CPU.ActiveCfg = Debug|Any CPU
		{65F3961D-1466-4B14-A48C-82F5557DDF74}.Debug|Any CPU.Build.0 = Debug|Any CPU
		{65F3961D-1466-4B14-A48C-82F5557DDF74}.Release|Any CPU.ActiveCfg = Release|Any CPU
		{65F3961D-1466-4B14-A48C-82F5557DDF74}.Release|Any CPU.Build.0 = Release|Any CPU
	EndGlobalSection
	GlobalSection(SolutionProperties) = preSolution
		HideSolutionNode = FALSE
	EndGlobalSection
	GlobalSection(ExtensibilityGlobals) = postSolution
		SolutionGuid = {273A647A-8D3F-452D-AB27-03A073B4E590}
	EndGlobalSection
EndGlobal
